<Solution>
  <Project Path="MapMagic.Editor.csproj" />
  <Project Path="Den.Tools.csproj" />
  <Project Path="Fusion.Unity.csproj" />
  <Project Path="Assembly-CSharp.csproj" />
  <Project Path="MapMagic.csproj" />
  <Project Path="Fusion.Unity.Editor.csproj" />
  <Project Path="FMODUnityResonanceEditor.csproj" />
  <Project Path="Den.Tools.Editor.csproj" />
  <Project Path="FMODUnityEditor.csproj" />
  <Project Path="FMODUnity.csproj" />
  <Project Path="FMODUnityHaptics.csproj" />
  <Project Path="Assembly-CSharp-Editor.csproj" />
  <Project Path="Unity.Fusion.CodeGen.csproj" />
  <Project Path="FMODUnityResonance.csproj" />
  <Project Path="MapMagic.Settings.csproj" />
</Solution>
